// !$*UTF8*$!
{
	archiveVersion = 1;
	classes = {
	};
	objectVersion = 56;
	objects = {

/* Begin PBXBuildFile section */
		BDDD53BD29DDC43E00ACCBD9 /* alertsPracticeApp.swift in Sources */ = {isa = PBXBuildFile; fileRef = BDDD53BC29DDC43E00ACCBD9 /* alertsPracticeApp.swift */; };
		BDDD53BF29DDC43E00ACCBD9 /* ContentView.swift in Sources */ = {isa = PBXBuildFile; fileRef = BDDD53BE29DDC43E00ACCBD9 /* ContentView.swift */; };
		BDDD53C129DDC43F00ACCBD9 /* Assets.xcassets in Resources */ = {isa = PBXBuildFile; fileRef = BDDD53C029DDC43F00ACCBD9 /* Assets.xcassets */; };
		BDDD53C429DDC43F00ACCBD9 /* Preview Assets.xcassets in Resources */ = {isa = PBXBuildFile; fileRef = BDDD53C329DDC43F00ACCBD9 /* Preview Assets.xcassets */; };
		BDDD53CE29DDC43F00ACCBD9 /* alertsPracticeTests.swift in Sources */ = {isa = PBXBuildFile; fileRef = BDDD53CD29DDC43F00ACCBD9 /* alertsPracticeTests.swift */; };
		BDDD53D829DDC43F00ACCBD9 /* alertsPracticeUITests.swift in Sources */ = {isa = PBXBuildFile; fileRef = BDDD53D729DDC43F00ACCBD9 /* alertsPracticeUITests.swift */; };
		BDDD53DA29DDC43F00ACCBD9 /* alertsPracticeUITestsLaunchTests.swift in Sources */ = {isa = PBXBuildFile; fileRef = BDDD53D929DDC43F00ACCBD9 /* alertsPracticeUITestsLaunchTests.swift */; };
/* End PBXBuildFile section */

/* Begin PBXContainerItemProxy section */
		BDDD53CA29DDC43F00ACCBD9 /* PBXContainerItemProxy */ = {
			isa = PBXContainerItemProxy;
			containerPortal = BDDD53B129DDC43E00ACCBD9 /* Project object */;
			proxyType = 1;
			remoteGlobalIDString = BDDD53B829DDC43E00ACCBD9;
			remoteInfo = alertsPractice;
		};
		BDDD53D429DDC43F00ACCBD9 /* PBXContainerItemProxy */ = {
			isa = PBXContainerItemProxy;
			containerPortal = BDDD53B129DDC43E00ACCBD9 /* Project object */;
			proxyType = 1;
			remoteGlobalIDString = BDDD53B829DDC43E00ACCBD9;
			remoteInfo = alertsPractice;
		};
/* End PBXContainerItemProxy section */

/* Begin PBXFileReference section */
		BDDD53B929DDC43E00ACCBD9 /* alertsPractice.app */ = {isa = PBXFileReference; explicitFileType = wrapper.application; includeInIndex = 0; path = alertsPractice.app; sourceTree = BUILT_PRODUCTS_DIR; };
		BDDD53BC29DDC43E00ACCBD9 /* alertsPracticeApp.swift */ = {isa = PBXFileReference; lastKnownFileType = sourcecode.swift; path = alertsPracticeApp.swift; sourceTree = "<group>"; };
		BDDD53BE29DDC43E00ACCBD9 /* ContentView.swift */ = {isa = PBXFileReference; lastKnownFileType = sourcecode.swift; path = ContentView.swift; sourceTree = "<group>"; };
		BDDD53C029DDC43F00ACCBD9 /* Assets.xcassets */ = {isa = PBXFileReference; lastKnownFileType = folder.assetcatalog; path = Assets.xcassets; sourceTree = "<group>"; };
		BDDD53C329DDC43F00ACCBD9 /* Preview Assets.xcassets */ = {isa = PBXFileReference; lastKnownFileType = folder.assetcatalog; path = "Preview Assets.xcassets"; sourceTree = "<group>"; };
		BDDD53C929DDC43F00ACCBD9 /* alertsPracticeTests.xctest */ = {isa = PBXFileReference; explicitFileType = wrapper.cfbundle; includeInIndex = 0; path = alertsPracticeTests.xctest; sourceTree = BUILT_PRODUCTS_DIR; };
		BDDD53CD29DDC43F00ACCBD9 /* alertsPracticeTests.swift */ = {isa = PBXFileReference; lastKnownFileType = sourcecode.swift; path = alertsPracticeTests.swift; sourceTree = "<group>"; };
		BDDD53D329DDC43F00ACCBD9 /* alertsPracticeUITests.xctest */ = {isa = PBXFileReference; explicitFileType = wrapper.cfbundle; includeInIndex = 0; path = alertsPracticeUITests.xctest; sourceTree = BUILT_PRODUCTS_DIR; };
		BDDD53D729DDC43F00ACCBD9 /* alertsPracticeUITests.swift */ = {isa = PBXFileReference; lastKnownFileType = sourcecode.swift; path = alertsPracticeUITests.swift; sourceTree = "<group>"; };
		BDDD53D929DDC43F00ACCBD9 /* alertsPracticeUITestsLaunchTests.swift */ = {isa = PBXFileReference; lastKnownFileType = sourcecode.swift; path = alertsPracticeUITestsLaunchTests.swift; sourceTree = "<group>"; };
/* End PBXFileReference section */

/* Begin PBXFrameworksBuildPhase section */
		BDDD53B629DDC43E00ACCBD9 /* Frameworks */ = {
			isa = PBXFrameworksBuildPhase;
			buildActionMask = 2147483647;
			files = (
			);
			runOnlyForDeploymentPostprocessing = 0;
		};
		BDDD53C629DDC43F00ACCBD9 /* Frameworks */ = {
			isa = PBXFrameworksBuildPhase;
			buildActionMask = 2147483647;
			files = (
			);
			runOnlyForDeploymentPostprocessing = 0;
		};
		BDDD53D029DDC43F00ACCBD9 /* Frameworks */ = {
			isa = PBXFrameworksBuildPhase;
			buildActionMask = 2147483647;
			files = (
			);
			runOnlyForDeploymentPostprocessing = 0;
		};
/* End PBXFrameworksBuildPhase section */

/* Begin PBXGroup section */
		BDDD53B029DDC43E00ACCBD9 = {
			isa = PBXGroup;
			children = (
				BDDD53BB29DDC43E00ACCBD9 /* alertsPractice */,
				BDDD53CC29DDC43F00ACCBD9 /* alertsPracticeTests */,
				BDDD53D629DDC43F00ACCBD9 /* alertsPracticeUITests */,
				BDDD53BA29DDC43E00ACCBD9 /* Products */,
			);
			sourceTree = "<group>";
		};
		BDDD53BA29DDC43E00ACCBD9 /* Products */ = {
			isa = PBXGroup;
			children = (
				BDDD53B929DDC43E00ACCBD9 /* alertsPractice.app */,
				BDDD53C929DDC43F00ACCBD9 /* alertsPracticeTests.xctest */,
				BDDD53D329DDC43F00ACCBD9 /* alertsPracticeUITests.xctest */,
			);
			name = Products;
			sourceTree = "<group>";
		};
		BDDD53BB29DDC43E00ACCBD9 /* alertsPractice */ = {
			isa = PBXGroup;
			children = (
				BDDD53BC29DDC43E00ACCBD9 /* alertsPracticeApp.swift */,
				BDDD53BE29DDC43E00ACCBD9 /* ContentView.swift */,
				BDDD53C029DDC43F00ACCBD9 /* Assets.xcassets */,
				BDDD53C229DDC43F00ACCBD9 /* Preview Content */,
			);
			path = alertsPractice;
			sourceTree = "<group>";
		};
		BDDD53C229DDC43F00ACCBD9 /* Preview Content */ = {
			isa = PBXGroup;
			children = (
				BDDD53C329DDC43F00ACCBD9 /* Preview Assets.xcassets */,
			);
			path = "Preview Content";
			sourceTree = "<group>";
		};
		BDDD53CC29DDC43F00ACCBD9 /* alertsPracticeTests */ = {
			isa = PBXGroup;
			children = (
				BDDD53CD29DDC43F00ACCBD9 /* alertsPracticeTests.swift */,
			);
			path = alertsPracticeTests;
			sourceTree = "<group>";
		};
		BDDD53D629DDC43F00ACCBD9 /* alertsPracticeUITests */ = {
			isa = PBXGroup;
			children = (
				BDDD53D729DDC43F00ACCBD9 /* alertsPracticeUITests.swift */,
				BDDD53D929DDC43F00ACCBD9 /* alertsPracticeUITestsLaunchTests.swift */,
			);
			path = alertsPracticeUITests;
			sourceTree = "<group>";
		};
/* End PBXGroup section */

/* Begin PBXNativeTarget section */
		BDDD53B829DDC43E00ACCBD9 /* alertsPractice */ = {
			isa = PBXNativeTarget;
			buildConfigurationList = BDDD53DD29DDC43F00ACCBD9 /* Build configuration list for PBXNativeTarget "alertsPractice" */;
			buildPhases = (
				BDDD53B529DDC43E00ACCBD9 /* Sources */,
				BDDD53B629DDC43E00ACCBD9 /* Frameworks */,
				BDDD53B729DDC43E00ACCBD9 /* Resources */,
			);
			buildRules = (
			);
			dependencies = (
			);
			name = alertsPractice;
			productName = alertsPractice;
			productReference = BDDD53B929DDC43E00ACCBD9 /* alertsPractice.app */;
			productType = "com.apple.product-type.application";
		};
		BDDD53C829DDC43F00ACCBD9 /* alertsPracticeTests */ = {
			isa = PBXNativeTarget;
			buildConfigurationList = BDDD53E029DDC43F00ACCBD9 /* Build configuration list for PBXNativeTarget "alertsPracticeTests" */;
			buildPhases = (
				BDDD53C529DDC43F00ACCBD9 /* Sources */,
				BDDD53C629DDC43F00ACCBD9 /* Frameworks */,
				BDDD53C729DDC43F00ACCBD9 /* Resources */,
			);
			buildRules = (
			);
			dependencies = (
				BDDD53CB29DDC43F00ACCBD9 /* PBXTargetDependency */,
			);
			name = alertsPracticeTests;
			productName = alertsPracticeTests;
			productReference = BDDD53C929DDC43F00ACCBD9 /* alertsPracticeTests.xctest */;
			productType = "com.apple.product-type.bundle.unit-test";
		};
		BDDD53D229DDC43F00ACCBD9 /* alertsPracticeUITests */ = {
			isa = PBXNativeTarget;
			buildConfigurationList = BDDD53E329DDC43F00ACCBD9 /* Build configuration list for PBXNativeTarget "alertsPracticeUITests" */;
			buildPhases = (
				BDDD53CF29DDC43F00ACCBD9 /* Sources */,
				BDDD53D029DDC43F00ACCBD9 /* Frameworks */,
				BDDD53D129DDC43F00ACCBD9 /* Resources */,
			);
			buildRules = (
			);
			dependencies = (
				BDDD53D529DDC43F00ACCBD9 /* PBXTargetDependency */,
			);
			name = alertsPracticeUITests;
			productName = alertsPracticeUITests;
			productReference = BDDD53D329DDC43F00ACCBD9 /* alertsPracticeUITests.xctest */;
			productType = "com.apple.product-type.bundle.ui-testing";
		};
/* End PBXNativeTarget section */

/* Begin PBXProject section */
		BDDD53B129DDC43E00ACCBD9 /* Project object */ = {
			isa = PBXProject;
			attributes = {
				BuildIndependentTargetsInParallel = 1;
				LastSwiftUpdateCheck = 1420;
				LastUpgradeCheck = 1420;
				TargetAttributes = {
					BDDD53B829DDC43E00ACCBD9 = {
						CreatedOnToolsVersion = 14.2;
					};
					BDDD53C829DDC43F00ACCBD9 = {
						CreatedOnToolsVersion = 14.2;
						TestTargetID = BDDD53B829DDC43E00ACCBD9;
					};
					BDDD53D229DDC43F00ACCBD9 = {
						CreatedOnToolsVersion = 14.2;
						TestTargetID = BDDD53B829DDC43E00ACCBD9;
					};
				};
			};
			buildConfigurationList = BDDD53B429DDC43E00ACCBD9 /* Build configuration list for PBXProject "alertsPractice" */;
			compatibilityVersion = "Xcode 14.0";
			developmentRegion = en;
			hasScannedForEncodings = 0;
			knownRegions = (
				en,
				Base,
			);
			mainGroup = BDDD53B029DDC43E00ACCBD9;
			productRefGroup = BDDD53BA29DDC43E00ACCBD9 /* Products */;
			projectDirPath = "";
			projectRoot = "";
			targets = (
				BDDD53B829DDC43E00ACCBD9 /* alertsPractice */,
				BDDD53C829DDC43F00ACCBD9 /* alertsPracticeTests */,
				BDDD53D229DDC43F00ACCBD9 /* alertsPracticeUITests */,
			);
		};
/* End PBXProject section */

/* Begin PBXResourcesBuildPhase section */
		BDDD53B729DDC43E00ACCBD9 /* Resources */ = {
			isa = PBXResourcesBuildPhase;
			buildActionMask = 2147483647;
			files = (
				BDDD53C429DDC43F00ACCBD9 /* Preview Assets.xcassets in Resources */,
				BDDD53C129DDC43F00ACCBD9 /* Assets.xcassets in Resources */,
			);
			runOnlyForDeploymentPostprocessing = 0;
		};
		BDDD53C729DDC43F00ACCBD9 /* Resources */ = {
			isa = PBXResourcesBuildPhase;
			buildActionMask = 2147483647;
			files = (
			);
			runOnlyForDeploymentPostprocessing = 0;
		};
		BDDD53D129DDC43F00ACCBD9 /* Resources */ = {
			isa = PBXResourcesBuildPhase;
			buildActionMask = 2147483647;
			files = (
			);
			runOnlyForDeploymentPostprocessing = 0;
		};
/* End PBXResourcesBuildPhase section */

/* Begin PBXSourcesBuildPhase section */
		BDDD53B529DDC43E00ACCBD9 /* Sources */ = {
			isa = PBXSourcesBuildPhase;
			buildActionMask = 2147483647;
			files = (
				BDDD53BF29DDC43E00ACCBD9 /* ContentView.swift in Sources */,
				BDDD53BD29DDC43E00ACCBD9 /* alertsPracticeApp.swift in Sources */,
			);
			runOnlyForDeploymentPostprocessing = 0;
		};
		BDDD53C529DDC43F00ACCBD9 /* Sources */ = {
			isa = PBXSourcesBuildPhase;
			buildActionMask = 2147483647;
			files = (
				BDDD53CE29DDC43F00ACCBD9 /* alertsPracticeTests.swift in Sources */,
			);
			runOnlyForDeploymentPostprocessing = 0;
		};
		BDDD53CF29DDC43F00ACCBD9 /* Sources */ = {
			isa = PBXSourcesBuildPhase;
			buildActionMask = 2147483647;
			files = (
				BDDD53DA29DDC43F00ACCBD9 /* alertsPracticeUITestsLaunchTests.swift in Sources */,
				BDDD53D829DDC43F00ACCBD9 /* alertsPracticeUITests.swift in Sources */,
			);
			runOnlyForDeploymentPostprocessing = 0;
		};
/* End PBXSourcesBuildPhase section */

/* Begin PBXTargetDependency section */
		BDDD53CB29DDC43F00ACCBD9 /* PBXTargetDependency */ = {
			isa = PBXTargetDependency;
			target = BDDD53B829DDC43E00ACCBD9 /* alertsPractice */;
			targetProxy = BDDD53CA29DDC43F00ACCBD9 /* PBXContainerItemProxy */;
		};
		BDDD53D529DDC43F00ACCBD9 /* PBXTargetDependency */ = {
			isa = PBXTargetDependency;
			target = BDDD53B829DDC43E00ACCBD9 /* alertsPractice */;
			targetProxy = BDDD53D429DDC43F00ACCBD9 /* PBXContainerItemProxy */;
		};
/* End PBXTargetDependency section */

/* Begin XCBuildConfiguration section */
		BDDD53DB29DDC43F00ACCBD9 /* Debug */ = {
			isa = XCBuildConfiguration;
			buildSettings = {
				ALWAYS_SEARCH_USER_PATHS = NO;
				CLANG_ANALYZER_NONNULL = YES;
				CLANG_ANALYZER_NUMBER_OBJECT_CONVERSION = YES_AGGRESSIVE;
				CLANG_CXX_LANGUAGE_STANDARD = "gnu++20";
				CLANG_ENABLE_MODULES = YES;
				CLANG_ENABLE_OBJC_ARC = YES;
				CLANG_ENABLE_OBJC_WEAK = YES;
				CLANG_WARN_BLOCK_CAPTURE_AUTORELEASING = YES;
				CLANG_WARN_BOOL_CONVERSION = YES;
				CLANG_WARN_COMMA = YES;
				CLANG_WARN_CONSTANT_CONVERSION = YES;
				CLANG_WARN_DEPRECATED_OBJC_IMPLEMENTATIONS = YES;
				CLANG_WARN_DIRECT_OBJC_ISA_USAGE = YES_ERROR;
				CLANG_WARN_DOCUMENTATION_COMMENTS = YES;
				CLANG_WARN_EMPTY_BODY = YES;
				CLANG_WARN_ENUM_CONVERSION = YES;
				CLANG_WARN_INFINITE_RECURSION = YES;
				CLANG_WARN_INT_CONVERSION = YES;
				CLANG_WARN_NON_LITERAL_NULL_CONVERSION = YES;
				CLANG_WARN_OBJC_IMPLICIT_RETAIN_SELF = YES;
				CLANG_WARN_OBJC_LITERAL_CONVERSION = YES;
				CLANG_WARN_OBJC_ROOT_CLASS = YES_ERROR;
				CLANG_WARN_QUOTED_INCLUDE_IN_FRAMEWORK_HEADER = YES;
				CLANG_WARN_RANGE_LOOP_ANALYSIS = YES;
				CLANG_WARN_STRICT_PROTOTYPES = YES;
				CLANG_WARN_SUSPICIOUS_MOVE = YES;
				CLANG_WARN_UNGUARDED_AVAILABILITY = YES_AGGRESSIVE;
				CLANG_WARN_UNREACHABLE_CODE = YES;
				CLANG_WARN__DUPLICATE_METHOD_MATCH = YES;
				COPY_PHASE_STRIP = NO;
				DEBUG_INFORMATION_FORMAT = dwarf;
				ENABLE_STRICT_OBJC_MSGSEND = YES;
				ENABLE_TESTABILITY = YES;
				GCC_C_LANGUAGE_STANDARD = gnu11;
				GCC_DYNAMIC_NO_PIC = NO;
				GCC_NO_COMMON_BLOCKS = YES;
				GCC_OPTIMIZATION_LEVEL = 0;
				GCC_PREPROCESSOR_DEFINITIONS = (
					"DEBUG=1",
					"$(inherited)",
				);
				GCC_WARN_64_TO_32_BIT_CONVERSION = YES;
				GCC_WARN_ABOUT_RETURN_TYPE = YES_ERROR;
				GCC_WARN_UNDECLARED_SELECTOR = YES;
				GCC_WARN_UNINITIALIZED_AUTOS = YES_AGGRESSIVE;
				GCC_WARN_UNUSED_FUNCTION = YES;
				GCC_WARN_UNUSED_VARIABLE = YES;
				IPHONEOS_DEPLOYMENT_TARGET = 16.2;
				MTL_ENABLE_DEBUG_INFO = INCLUDE_SOURCE;
				MTL_FAST_MATH = YES;
				ONLY_ACTIVE_ARCH = YES;
				SDKROOT = iphoneos;
				SWIFT_ACTIVE_COMPILATION_CONDITIONS = DEBUG;
				SWIFT_OPTIMIZATION_LEVEL = "-Onone";
			};
			name = Debug;
		};
		BDDD53DC29DDC43F00ACCBD9 /* Release */ = {
			isa = XCBuildConfiguration;
			buildSettings = {
				ALWAYS_SEARCH_USER_PATHS = NO;
				CLANG_ANALYZER_NONNULL = YES;
				CLANG_ANALYZER_NUMBER_OBJECT_CONVERSION = YES_AGGRESSIVE;
				CLANG_CXX_LANGUAGE_STANDARD = "gnu++20";
				CLANG_ENABLE_MODULES = YES;
				CLANG_ENABLE_OBJC_ARC = YES;
				CLANG_ENABLE_OBJC_WEAK = YES;
				CLANG_WARN_BLOCK_CAPTURE_AUTORELEASING = YES;
				CLANG_WARN_BOOL_CONVERSION = YES;
				CLANG_WARN_COMMA = YES;
				CLANG_WARN_CONSTANT_CONVERSION = YES;
				CLANG_WARN_DEPRECATED_OBJC_IMPLEMENTATIONS = YES;
				CLANG_WARN_DIRECT_OBJC_ISA_USAGE = YES_ERROR;
				CLANG_WARN_DOCUMENTATION_COMMENTS = YES;
				CLANG_WARN_EMPTY_BODY = YES;
				CLANG_WARN_ENUM_CONVERSION = YES;
				CLANG_WARN_INFINITE_RECURSION = YES;
				CLANG_WARN_INT_CONVERSION = YES;
				CLANG_WARN_NON_LITERAL_NULL_CONVERSION = YES;
				CLANG_WARN_OBJC_IMPLICIT_RETAIN_SELF = YES;
				CLANG_WARN_OBJC_LITERAL_CONVERSION = YES;
				CLANG_WARN_OBJC_ROOT_CLASS = YES_ERROR;
				CLANG_WARN_QUOTED_INCLUDE_IN_FRAMEWORK_HEADER = YES;
				CLANG_WARN_RANGE_LOOP_ANALYSIS = YES;
				CLANG_WARN_STRICT_PROTOTYPES = YES;
				CLANG_WARN_SUSPICIOUS_MOVE = YES;
				CLANG_WARN_UNGUARDED_AVAILABILITY = YES_AGGRESSIVE;
				CLANG_WARN_UNREACHABLE_CODE = YES;
				CLANG_WARN__DUPLICATE_METHOD_MATCH = YES;
				COPY_PHASE_STRIP = NO;
				DEBUG_INFORMATION_FORMAT = "dwarf-with-dsym";
				ENABLE_NS_ASSERTIONS = NO;
				ENABLE_STRICT_OBJC_MSGSEND = YES;
				GCC_C_LANGUAGE_STANDARD = gnu11;
				GCC_NO_COMMON_BLOCKS = YES;
				GCC_WARN_64_TO_32_BIT_CONVERSION = YES;
				GCC_WARN_ABOUT_RETURN_TYPE = YES_ERROR;
				GCC_WARN_UNDECLARED_SELECTOR = YES;
				GCC_WARN_UNINITIALIZED_AUTOS = YES_AGGRESSIVE;
				GCC_WARN_UNUSED_FUNCTION = YES;
				GCC_WARN_UNUSED_VARIABLE = YES;
				IPHONEOS_DEPLOYMENT_TARGET = 16.2;
				MTL_ENABLE_DEBUG_INFO = NO;
				MTL_FAST_MATH = YES;
				SDKROOT = iphoneos;
				SWIFT_COMPILATION_MODE = wholemodule;
				SWIFT_OPTIMIZATION_LEVEL = "-O";
				VALIDATE_PRODUCT = YES;
			};
			name = Release;
		};
		BDDD53DE29DDC43F00ACCBD9 /* Debug */ = {
			isa = XCBuildConfiguration;
			buildSettings = {
				ASSETCATALOG_COMPILER_APPICON_NAME = AppIcon;
				ASSETCATALOG_COMPILER_GLOBAL_ACCENT_COLOR_NAME = AccentColor;
				CODE_SIGN_STYLE = Automatic;
				CURRENT_PROJECT_VERSION = 1;
				DEVELOPMENT_ASSET_PATHS = "\"alertsPractice/Preview Content\"";
				DEVELOPMENT_TEAM = KUA4MPBD7U;
				ENABLE_PREVIEWS = YES;
				GENERATE_INFOPLIST_FILE = YES;
				INFOPLIST_KEY_UIApplicationSceneManifest_Generation = YES;
				INFOPLIST_KEY_UIApplicationSupportsIndirectInputEvents = YES;
				INFOPLIST_KEY_UILaunchScreen_Generation = YES;
				INFOPLIST_KEY_UISupportedInterfaceOrientations_iPad = "UIInterfaceOrientationPortrait UIInterfaceOrientationPortraitUpsideDown UIInterfaceOrientationLandscapeLeft UIInterfaceOrientationLandscapeRight";
				INFOPLIST_KEY_UISupportedInterfaceOrientations_iPhone = "UIInterfaceOrientationPortrait UIInterfaceOrientationLandscapeLeft UIInterfaceOrientationLandscapeRight";
				LD_RUNPATH_SEARCH_PATHS = (
					"$(inherited)",
					"@executable_path/Frameworks",
				);
				MARKETING_VERSION = 1.0;
				PRODUCT_BUNDLE_IDENTIFIER = kwk.alertsPractice;
				PRODUCT_NAME = "$(TARGET_NAME)";
				SWIFT_EMIT_LOC_STRINGS = YES;
				SWIFT_VERSION = 5.0;
				TARGETED_DEVICE_FAMILY = "1,2";
			};
			name = Debug;
		};
		BDDD53DF29DDC43F00ACCBD9 /* Release */ = {
			isa = XCBuildConfiguration;
			buildSettings = {
				ASSETCATALOG_COMPILER_APPICON_NAME = AppIcon;
				ASSETCATALOG_COMPILER_GLOBAL_ACCENT_COLOR_NAME = AccentColor;
				CODE_SIGN_STYLE = Automatic;
				CURRENT_PROJECT_VERSION = 1;
				DEVELOPMENT_ASSET_PATHS = "\"alertsPractice/Preview Content\"";
				DEVELOPMENT_TEAM = KUA4MPBD7U;
				ENABLE_PREVIEWS = YES;
				GENERATE_INFOPLIST_FILE = YES;
				INFOPLIST_KEY_UIApplicationSceneManifest_Generation = YES;
				INFOPLIST_KEY_UIApplicationSupportsIndirectInputEvents = YES;
				INFOPLIST_KEY_UILaunchScreen_Generation = YES;
				INFOPLIST_KEY_UISupportedInterfaceOrientations_iPad = "UIInterfaceOrientationPortrait UIInterfaceOrientationPortraitUpsideDown UIInterfaceOrientationLandscapeLeft UIInterfaceOrientationLandscapeRight";
				INFOPLIST_KEY_UISupportedInterfaceOrientations_iPhone = "UIInterfaceOrientationPortrait UIInterfaceOrientationLandscapeLeft UIInterfaceOrientationLandscapeRight";
				LD_RUNPATH_SEARCH_PATHS = (
					"$(inherited)",
					"@executable_path/Frameworks",
				);
				MARKETING_VERSION = 1.0;
				PRODUCT_BUNDLE_IDENTIFIER = kwk.alertsPractice;
				PRODUCT_NAME = "$(TARGET_NAME)";
				SWIFT_EMIT_LOC_STRINGS = YES;
				SWIFT_VERSION = 5.0;
				TARGETED_DEVICE_FAMILY = "1,2";
			};
			name = Release;
		};
		BDDD53E129DDC43F00ACCBD9 /* Debug */ = {
			isa = XCBuildConfiguration;
			buildSettings = {
				ALWAYS_EMBED_SWIFT_STANDARD_LIBRARIES = YES;
				BUNDLE_LOADER = "$(TEST_HOST)";
				CODE_SIGN_STYLE = Automatic;
				CURRENT_PROJECT_VERSION = 1;
				DEVELOPMENT_TEAM = KUA4MPBD7U;
				GENERATE_INFOPLIST_FILE = YES;
				IPHONEOS_DEPLOYMENT_TARGET = 16.2;
				MARKETING_VERSION = 1.0;
				PRODUCT_BUNDLE_IDENTIFIER = kwk.alertsPracticeTests;
				PRODUCT_NAME = "$(TARGET_NAME)";
				SWIFT_EMIT_LOC_STRINGS = NO;
				SWIFT_VERSION = 5.0;
				TARGETED_DEVICE_FAMILY = "1,2";
				TEST_HOST = "$(BUILT_PRODUCTS_DIR)/alertsPractice.app/$(BUNDLE_EXECUTABLE_FOLDER_PATH)/alertsPractice";
			};
			name = Debug;
		};
		BDDD53E229DDC43F00ACCBD9 /* Release */ = {
			isa = XCBuildConfiguration;
			buildSettings = {
				ALWAYS_EMBED_SWIFT_STANDARD_LIBRARIES = YES;
				BUNDLE_LOADER = "$(TEST_HOST)";
				CODE_SIGN_STYLE = Automatic;
				CURRENT_PROJECT_VERSION = 1;
				DEVELOPMENT_TEAM = KUA4MPBD7U;
				GENERATE_INFOPLIST_FILE = YES;
				IPHONEOS_DEPLOYMENT_TARGET = 16.2;
				MARKETING_VERSION = 1.0;
				PRODUCT_BUNDLE_IDENTIFIER = kwk.alertsPracticeTests;
				PRODUCT_NAME = "$(TARGET_NAME)";
				SWIFT_EMIT_LOC_STRINGS = NO;
				SWIFT_VERSION = 5.0;
				TARGETED_DEVICE_FAMILY = "1,2";
				TEST_HOST = "$(BUILT_PRODUCTS_DIR)/alertsPractice.app/$(BUNDLE_EXECUTABLE_FOLDER_PATH)/alertsPractice";
			};
			name = Release;
		};
		BDDD53E429DDC43F00ACCBD9 /* Debug */ = {
			isa = XCBuildConfiguration;
			buildSettings = {
				ALWAYS_EMBED_SWIFT_STANDARD_LIBRARIES = YES;
				CODE_SIGN_STYLE = Automatic;
				CURRENT_PROJECT_VERSION = 1;
				DEVELOPMENT_TEAM = KUA4MPBD7U;
				GENERATE_INFOPLIST_FILE = YES;
				MARKETING_VERSION = 1.0;
				PRODUCT_BUNDLE_IDENTIFIER = kwk.alertsPracticeUITests;
				PRODUCT_NAME = "$(TARGET_NAME)";
				SWIFT_EMIT_LOC_STRINGS = NO;
				SWIFT_VERSION = 5.0;
				TARGETED_DEVICE_FAMILY = "1,2";
				TEST_TARGET_NAME = alertsPractice;
			};
			name = Debug;
		};
		BDDD53E529DDC43F00ACCBD9 /* Release */ = {
			isa = XCBuildConfiguration;
			buildSettings = {
				ALWAYS_EMBED_SWIFT_STANDARD_LIBRARIES = YES;
				CODE_SIGN_STYLE = Automatic;
				CURRENT_PROJECT_VERSION = 1;
				DEVELOPMENT_TEAM = KUA4MPBD7U;
				GENERATE_INFOPLIST_FILE = YES;
				MARKETING_VERSION = 1.0;
				PRODUCT_BUNDLE_IDENTIFIER = kwk.alertsPracticeUITests;
				PRODUCT_NAME = "$(TARGET_NAME)";
				SWIFT_EMIT_LOC_STRINGS = NO;
				SWIFT_VERSION = 5.0;
				TARGETED_DEVICE_FAMILY = "1,2";
				TEST_TARGET_NAME = alertsPractice;
			};
			name = Release;
		};
/* End XCBuildConfiguration section */

/* Begin XCConfigurationList section */
		BDDD53B429DDC43E00ACCBD9 /* Build configuration list for PBXProject "alertsPractice" */ = {
			isa = XCConfigurationList;
			buildConfigurations = (
				BDDD53DB29DDC43F00ACCBD9 /* Debug */,
				BDDD53DC29DDC43F00ACCBD9 /* Release */,
			);
			defaultConfigurationIsVisible = 0;
			defaultConfigurationName = Release;
		};
		BDDD53DD29DDC43F00ACCBD9 /* Build configuration list for PBXNativeTarget "alertsPractice" */ = {
			isa = XCConfigurationList;
			buildConfigurations = (
				BDDD53DE29DDC43F00ACCBD9 /* Debug */,
				BDDD53DF29DDC43F00ACCBD9 /* Release */,
			);
			defaultConfigurationIsVisible = 0;
			defaultConfigurationName = Release;
		};
		BDDD53E029DDC43F00ACCBD9 /* Build configuration list for PBXNativeTarget "alertsPracticeTests" */ = {
			isa = XCConfigurationList;
			buildConfigurations = (
				BDDD53E129DDC43F00ACCBD9 /* Debug */,
				BDDD53E229DDC43F00ACCBD9 /* Release */,
			);
			defaultConfigurationIsVisible = 0;
			defaultConfigurationName = Release;
		};
		BDDD53E329DDC43F00ACCBD9 /* Build configuration list for PBXNativeTarget "alertsPracticeUITests" */ = {
			isa = XCConfigurationList;
			buildConfigurations = (
				BDDD53E429DDC43F00ACCBD9 /* Debug */,
				BDDD53E529DDC43F00ACCBD9 /* Release */,
			);
			defaultConfigurationIsVisible = 0;
			defaultConfigurationName = Release;
		};
/* End XCConfigurationList section */
	};
	rootObject = BDDD53B129DDC43E00ACCBD9 /* Project object */;
}
